
Microsoft Visual Studio Solution File, Format Version 12.00
# Visual Studio 15
Project("{FAE04EC0-301F-11D3-BF4B-00C04F79EFBC}") = "001_Method", "Methods\001_Method.csproj", "{5AC1BC5C-3070-4386-87D6-7C713A652A2B}"
EndProject
Project("{FAE04EC0-301F-11D3-BF4B-00C04F79EFBC}") = "002_Method", "002_Method\002_Method.csproj", "{4E9B8DCC-DD82-419D-BBEB-8D68BBA761AD}"
EndProject
Project("{FAE04EC0-301F-11D3-BF4B-00C04F79EFBC}") = "003_Method", "003_Methods\003_Method.csproj", "{07E3F37F-AE7D-4055-A2E5-2190EEA9CA0D}"
EndProject
Project("{FAE04EC0-301F-11D3-BF4B-00C04F79EFBC}") = "004_Method", "004_Method\004_Method.csproj", "{D03F39C0-CD45-410E-96A3-41A242CB583C}"
EndProject
Project("{FAE04EC0-301F-11D3-BF4B-00C04F79EFBC}") = "005_Method", "005_Method\005_Method.csproj", "{7E004C4D-FE99-4E84-BD9D-E5C600D6F13F}"
EndProject
Project("{FAE04EC0-301F-11D3-BF4B-00C04F79EFBC}") = "006_Method", "006_Method\006_Method.csproj", "{05B52561-F722-45B8-B7E3-EEDDAAE19EEF}"
EndProject
Project("{FAE04EC0-301F-11D3-BF4B-00C04F79EFBC}") = "007_Method", "007_Method\007_Method.csproj", "{2B1548CB-881D-4468-A7D9-83767B939FC7}"
EndProject
Project("{FAE04EC0-301F-11D3-BF4B-00C04F79EFBC}") = "008_Method", "008_Method\008_Method.csproj", "{ACBFBA26-6E2B-420F-8043-172457AB0691}"
EndProject
Project("{FAE04EC0-301F-11D3-BF4B-00C04F79EFBC}") = "009_Method", "009_Method\009_Method.csproj", "{86B9B9DB-125F-4A38-9142-5FED3D22AAA6}"
EndProject
Project("{FAE04EC0-301F-11D3-BF4B-00C04F79EFBC}") = "010_Method", "010_Method\010_Method.csproj", "{73632E08-979D-4712-B037-F9E180F09706}"
EndProject
Project("{FAE04EC0-301F-11D3-BF4B-00C04F79EFBC}") = "011_Method", "011_Method\011_Method.csproj", "{782727A6-FD0C-40E8-B0FE-6E1659C16D9E}"
EndProject
Global
	GlobalSection(SolutionConfigurationPlatforms) = preSolution
		Debug|Any CPU = Debug|Any CPU
		Release|Any CPU = Release|Any CPU
	EndGlobalSection
	GlobalSection(ProjectConfigurationPlatforms) = postSolution
		{5AC1BC5C-3070-4386-87D6-7C713A652A2B}.Debug|Any CPU.ActiveCfg = Debug|Any CPU
		{5AC1BC5C-3070-4386-87D6-7C713A652A2B}.Debug|Any CPU.Build.0 = Debug|Any CPU
		{5AC1BC5C-3070-4386-87D6-7C713A652A2B}.Release|Any CPU.ActiveCfg = Release|Any CPU
		{5AC1BC5C-3070-4386-87D6-7C713A652A2B}.Release|Any CPU.Build.0 = Release|Any CPU
		{4E9B8DCC-DD82-419D-BBEB-8D68BBA761AD}.Debug|Any CPU.ActiveCfg = Debug|Any CPU
		{4E9B8DCC-DD82-419D-BBEB-8D68BBA761AD}.Debug|Any CPU.Build.0 = Debug|Any CPU
		{4E9B8DCC-DD82-419D-BBEB-8D68BBA761AD}.Release|Any CPU.ActiveCfg = Release|Any CPU
		{4E9B8DCC-DD82-419D-BBEB-8D68BBA761AD}.Release|Any CPU.Build.0 = Release|Any CPU
		{07E3F37F-AE7D-4055-A2E5-2190EEA9CA0D}.Debug|Any CPU.ActiveCfg = Debug|Any CPU
		{07E3F37F-AE7D-4055-A2E5-2190EEA9CA0D}.Debug|Any CPU.Build.0 = Debug|Any CPU
		{07E3F37F-AE7D-4055-A2E5-2190EEA9CA0D}.Release|Any CPU.ActiveCfg = Release|Any CPU
		{07E3F37F-AE7D-4055-A2E5-2190EEA9CA0D}.Release|Any CPU.Build.0 = Release|Any CPU
		{D03F39C0-CD45-410E-96A3-41A242CB583C}.Debug|Any CPU.ActiveCfg = Debug|Any CPU
		{D03F39C0-CD45-410E-96A3-41A242CB583C}.Debug|Any CPU.Build.0 = Debug|Any CPU
		{D03F39C0-CD45-410E-96A3-41A242CB583C}.Release|Any CPU.ActiveCfg = Release|Any CPU
		{D03F39C0-CD45-410E-96A3-41A242CB583C}.Release|Any CPU.Build.0 = Release|Any CPU
		{7E004C4D-FE99-4E84-BD9D-E5C600D6F13F}.Debug|Any CPU.ActiveCfg = Debug|Any CPU
		{7E004C4D-FE99-4E84-BD9D-E5C600D6F13F}.Debug|Any CPU.Build.0 = Debug|Any CPU
		{7E004C4D-FE99-4E84-BD9D-E5C600D6F13F}.Release|Any CPU.ActiveCfg = Release|Any CPU
		{7E004C4D-FE99-4E84-BD9D-E5C600D6F13F}.Release|Any CPU.Build.0 = Release|Any CPU
		{05B52561-F722-45B8-B7E3-EEDDAAE19EEF}.Debug|Any CPU.ActiveCfg = Debug|Any CPU
		{05B52561-F722-45B8-B7E3-EEDDAAE19EEF}.Debug|Any CPU.Build.0 = Debug|Any CPU
		{05B52561-F722-45B8-B7E3-EEDDAAE19EEF}.Release|Any CPU.ActiveCfg = Release|Any CPU
		{05B52561-F722-45B8-B7E3-EEDDAAE19EEF}.Release|Any CPU.Build.0 = Release|Any CPU
		{2B1548CB-881D-4468-A7D9-83767B939FC7}.Debug|Any CPU.ActiveCfg = Debug|Any CPU
		{2B1548CB-881D-4468-A7D9-83767B939FC7}.Debug|Any CPU.Build.0 = Debug|Any CPU
		{2B1548CB-881D-4468-A7D9-83767B939FC7}.Release|Any CPU.ActiveCfg = Release|Any CPU
		{2B1548CB-881D-4468-A7D9-83767B939FC7}.Release|Any CPU.Build.0 = Release|Any CPU
		{ACBFBA26-6E2B-420F-8043-172457AB0691}.Debug|Any CPU.ActiveCfg = Debug|Any CPU
		{ACBFBA26-6E2B-420F-8043-172457AB0691}.Debug|Any CPU.Build.0 = Debug|Any CPU
		{ACBFBA26-6E2B-420F-8043-172457AB0691}.Release|Any CPU.ActiveCfg = Release|Any CPU
		{ACBFBA26-6E2B-420F-8043-172457AB0691}.Release|Any CPU.Build.0 = Release|Any CPU
		{86B9B9DB-125F-4A38-9142-5FED3D22AAA6}.Debug|Any CPU.ActiveCfg = Debug|Any CPU
		{86B9B9DB-125F-4A38-9142-5FED3D22AAA6}.Debug|Any CPU.Build.0 = Debug|Any CPU
		{86B9B9DB-125F-4A38-9142-5FED3D22AAA6}.Release|Any CPU.ActiveCfg = Release|Any CPU
		{86B9B9DB-125F-4A38-9142-5FED3D22AAA6}.Release|Any CPU.Build.0 = Release|Any CPU
		{73632E08-979D-4712-B037-F9E180F09706}.Debug|Any CPU.ActiveCfg = Debug|Any CPU
		{73632E08-979D-4712-B037-F9E180F09706}.Debug|Any CPU.Build.0 = Debug|Any CPU
		{73632E08-979D-4712-B037-F9E180F09706}.Release|Any CPU.ActiveCfg = Release|Any CPU
		{73632E08-979D-4712-B037-F9E180F09706}.Release|Any CPU.Build.0 = Release|Any CPU
		{782727A6-FD0C-40E8-B0FE-6E1659C16D9E}.Debug|Any CPU.ActiveCfg = Debug|Any CPU
		{782727A6-FD0C-40E8-B0FE-6E1659C16D9E}.Debug|Any CPU.Build.0 = Debug|Any CPU
		{782727A6-FD0C-40E8-B0FE-6E1659C16D9E}.Release|Any CPU.ActiveCfg = Release|Any CPU
		{782727A6-FD0C-40E8-B0FE-6E1659C16D9E}.Release|Any CPU.Build.0 = Release|Any CPU
	EndGlobalSection
EndGlobal
