
Microsoft Visual Studio Solution File, Format Version 12.00
# Visual Studio 15
Project("{FAE04EC0-301F-11D3-BF4B-00C04F79EFBC}") = "001_GoTo", "Loops\001_GoTo.csproj", "{189B7C54-3E53-40AA-BEAE-A95611D57329}"
EndProject
Project("{FAE04EC0-301F-11D3-BF4B-00C04F79EFBC}") = "002_GoTo", "002_GoTo\002_GoTo.csproj", "{818CD496-A430-4A71-BDCE-3EE63CF56526}"
EndProject
Project("{FAE04EC0-301F-11D3-BF4B-00C04F79EFBC}") = "003_GoTo", "003_GoTo\003_GoTo.csproj", "{3D1A0283-7650-45AA-A970-5B2789303BE0}"
EndProject
Project("{FAE04EC0-301F-11D3-BF4B-00C04F79EFBC}") = "004_While", "004_While\004_While.csproj", "{7E12BC02-FEB1-4BB1-A2D2-8101C3BA4D42}"
EndProject
Project("{FAE04EC0-301F-11D3-BF4B-00C04F79EFBC}") = "005_While", "005_While\005_While.csproj", "{329B8B34-BC1E-495F-94AB-DF0A0D8A9BC8}"
EndProject
Project("{FAE04EC0-301F-11D3-BF4B-00C04F79EFBC}") = "006_While", "006_While\006_While.csproj", "{358ED594-4255-4CAF-92C0-DA8C85CEC525}"
EndProject
Project("{FAE04EC0-301F-11D3-BF4B-00C04F79EFBC}") = "007_GuessColor", "GuessColor\007_GuessColor.csproj", "{00270564-9043-41B8-B27D-8E2B44A8E118}"
EndProject
Project("{FAE04EC0-301F-11D3-BF4B-00C04F79EFBC}") = "008_DoWhile", "008_DoWhile\008_DoWhile.csproj", "{599A023F-B92A-47D8-A585-ECEEB5A21AE0}"
EndProject
Project("{FAE04EC0-301F-11D3-BF4B-00C04F79EFBC}") = "009_DoWhile", "009_DoWhile\009_DoWhile.csproj", "{B57724FC-9A2B-4B04-BCDA-92DEB5709BE9}"
EndProject
Project("{FAE04EC0-301F-11D3-BF4B-00C04F79EFBC}") = "010_DoWhile", "010_DoWhile\010_DoWhile.csproj", "{0BFD0890-7ECE-4F89-ABBA-389240F2BEA0}"
EndProject
Project("{FAE04EC0-301F-11D3-BF4B-00C04F79EFBC}") = "011_Factorial", "011_Factorial\011_Factorial.csproj", "{D7C66732-EBF3-44CC-BDAB-8E62CE2CF1E4}"
EndProject
Project("{FAE04EC0-301F-11D3-BF4B-00C04F79EFBC}") = "012_For", "012_For\012_For.csproj", "{5E7FD32D-A722-4F0E-A5DB-7979786D6DC8}"
EndProject
Project("{FAE04EC0-301F-11D3-BF4B-00C04F79EFBC}") = "013_For", "013_For\013_For.csproj", "{308177B2-800B-441E-9C73-1D703965AC70}"
EndProject
Project("{FAE04EC0-301F-11D3-BF4B-00C04F79EFBC}") = "014_For", "014_For\014_For.csproj", "{6E92753A-F611-44CB-AAE3-6BD0F6E2696C}"
EndProject
Project("{FAE04EC0-301F-11D3-BF4B-00C04F79EFBC}") = "015_ForInFor", "015_ForInFor\015_ForInFor.csproj", "{C19F4E56-5410-4180-8FC1-A14660CCF025}"
EndProject
Project("{FAE04EC0-301F-11D3-BF4B-00C04F79EFBC}") = "016_DeisktraLoop", "016_DeisktraLoop\016_DeisktraLoop.csproj", "{AB534D6A-8871-452B-815E-9FB1A33E5651}"
EndProject
Project("{FAE04EC0-301F-11D3-BF4B-00C04F79EFBC}") = "017_SpiderLoop", "017_SpiderLoop\017_SpiderLoop.csproj", "{3C70D58C-2B3C-4A5F-9DCF-A72D3E80999C}"
EndProject
Project("{FAE04EC0-301F-11D3-BF4B-00C04F79EFBC}") = "018_SpiderLoopSimple", "018_SpiderLoopSimple\018_SpiderLoopSimple.csproj", "{3BE91EBC-D33B-46E3-9419-92F1688504A1}"
EndProject
Project("{FAE04EC0-301F-11D3-BF4B-00C04F79EFBC}") = "019_EndlessLoop", "019_Loop\019_EndlessLoop.csproj", "{AF542071-0B59-4AA1-A7A6-EFD0658640FB}"
EndProject
Project("{FAE04EC0-301F-11D3-BF4B-00C04F79EFBC}") = "LoopsSelfWork_001", "LoopsSelfWork_001\LoopsSelfWork_001.csproj", "{712A17FC-9B65-4505-B6A5-275126C399CE}"
EndProject
Project("{FAE04EC0-301F-11D3-BF4B-00C04F79EFBC}") = "LoopsSelfWork_002", "LoopsSelfWork_002\LoopsSelfWork_002.csproj", "{ED280BAE-5969-4D12-BD72-CCDABA9DBE4E}"
EndProject
Project("{FAE04EC0-301F-11D3-BF4B-00C04F79EFBC}") = "LoopsSelfWork_003", "LoopsSelfWork_003\LoopsSelfWork_003.csproj", "{6F9365C0-3963-4480-A666-022168277B00}"
EndProject
Project("{FAE04EC0-301F-11D3-BF4B-00C04F79EFBC}") = "LoopsSelfWork_004", "LoopsSelf_004\LoopsSelfWork_004.csproj", "{88675020-A160-48D0-AFD1-2A632839878D}"
EndProject
Global
	GlobalSection(SolutionConfigurationPlatforms) = preSolution
		Debug|Any CPU = Debug|Any CPU
		Release|Any CPU = Release|Any CPU
	EndGlobalSection
	GlobalSection(ProjectConfigurationPlatforms) = postSolution
		{189B7C54-3E53-40AA-BEAE-A95611D57329}.Debug|Any CPU.ActiveCfg = Debug|Any CPU
		{189B7C54-3E53-40AA-BEAE-A95611D57329}.Debug|Any CPU.Build.0 = Debug|Any CPU
		{189B7C54-3E53-40AA-BEAE-A95611D57329}.Release|Any CPU.ActiveCfg = Release|Any CPU
		{189B7C54-3E53-40AA-BEAE-A95611D57329}.Release|Any CPU.Build.0 = Release|Any CPU
		{818CD496-A430-4A71-BDCE-3EE63CF56526}.Debug|Any CPU.ActiveCfg = Debug|Any CPU
		{818CD496-A430-4A71-BDCE-3EE63CF56526}.Debug|Any CPU.Build.0 = Debug|Any CPU
		{818CD496-A430-4A71-BDCE-3EE63CF56526}.Release|Any CPU.ActiveCfg = Release|Any CPU
		{818CD496-A430-4A71-BDCE-3EE63CF56526}.Release|Any CPU.Build.0 = Release|Any CPU
		{3D1A0283-7650-45AA-A970-5B2789303BE0}.Debug|Any CPU.ActiveCfg = Debug|Any CPU
		{3D1A0283-7650-45AA-A970-5B2789303BE0}.Debug|Any CPU.Build.0 = Debug|Any CPU
		{3D1A0283-7650-45AA-A970-5B2789303BE0}.Release|Any CPU.ActiveCfg = Release|Any CPU
		{3D1A0283-7650-45AA-A970-5B2789303BE0}.Release|Any CPU.Build.0 = Release|Any CPU
		{7E12BC02-FEB1-4BB1-A2D2-8101C3BA4D42}.Debug|Any CPU.ActiveCfg = Debug|Any CPU
		{7E12BC02-FEB1-4BB1-A2D2-8101C3BA4D42}.Debug|Any CPU.Build.0 = Debug|Any CPU
		{7E12BC02-FEB1-4BB1-A2D2-8101C3BA4D42}.Release|Any CPU.ActiveCfg = Release|Any CPU
		{7E12BC02-FEB1-4BB1-A2D2-8101C3BA4D42}.Release|Any CPU.Build.0 = Release|Any CPU
		{329B8B34-BC1E-495F-94AB-DF0A0D8A9BC8}.Debug|Any CPU.ActiveCfg = Debug|Any CPU
		{329B8B34-BC1E-495F-94AB-DF0A0D8A9BC8}.Debug|Any CPU.Build.0 = Debug|Any CPU
		{329B8B34-BC1E-495F-94AB-DF0A0D8A9BC8}.Release|Any CPU.ActiveCfg = Release|Any CPU
		{329B8B34-BC1E-495F-94AB-DF0A0D8A9BC8}.Release|Any CPU.Build.0 = Release|Any CPU
		{358ED594-4255-4CAF-92C0-DA8C85CEC525}.Debug|Any CPU.ActiveCfg = Debug|Any CPU
		{358ED594-4255-4CAF-92C0-DA8C85CEC525}.Debug|Any CPU.Build.0 = Debug|Any CPU
		{358ED594-4255-4CAF-92C0-DA8C85CEC525}.Release|Any CPU.ActiveCfg = Release|Any CPU
		{358ED594-4255-4CAF-92C0-DA8C85CEC525}.Release|Any CPU.Build.0 = Release|Any CPU
		{00270564-9043-41B8-B27D-8E2B44A8E118}.Debug|Any CPU.ActiveCfg = Debug|Any CPU
		{00270564-9043-41B8-B27D-8E2B44A8E118}.Debug|Any CPU.Build.0 = Debug|Any CPU
		{00270564-9043-41B8-B27D-8E2B44A8E118}.Release|Any CPU.ActiveCfg = Release|Any CPU
		{00270564-9043-41B8-B27D-8E2B44A8E118}.Release|Any CPU.Build.0 = Release|Any CPU
		{599A023F-B92A-47D8-A585-ECEEB5A21AE0}.Debug|Any CPU.ActiveCfg = Debug|Any CPU
		{599A023F-B92A-47D8-A585-ECEEB5A21AE0}.Debug|Any CPU.Build.0 = Debug|Any CPU
		{599A023F-B92A-47D8-A585-ECEEB5A21AE0}.Release|Any CPU.ActiveCfg = Release|Any CPU
		{599A023F-B92A-47D8-A585-ECEEB5A21AE0}.Release|Any CPU.Build.0 = Release|Any CPU
		{B57724FC-9A2B-4B04-BCDA-92DEB5709BE9}.Debug|Any CPU.ActiveCfg = Debug|Any CPU
		{B57724FC-9A2B-4B04-BCDA-92DEB5709BE9}.Debug|Any CPU.Build.0 = Debug|Any CPU
		{B57724FC-9A2B-4B04-BCDA-92DEB5709BE9}.Release|Any CPU.ActiveCfg = Release|Any CPU
		{B57724FC-9A2B-4B04-BCDA-92DEB5709BE9}.Release|Any CPU.Build.0 = Release|Any CPU
		{0BFD0890-7ECE-4F89-ABBA-389240F2BEA0}.Debug|Any CPU.ActiveCfg = Debug|Any CPU
		{0BFD0890-7ECE-4F89-ABBA-389240F2BEA0}.Debug|Any CPU.Build.0 = Debug|Any CPU
		{0BFD0890-7ECE-4F89-ABBA-389240F2BEA0}.Release|Any CPU.ActiveCfg = Release|Any CPU
		{0BFD0890-7ECE-4F89-ABBA-389240F2BEA0}.Release|Any CPU.Build.0 = Release|Any CPU
		{D7C66732-EBF3-44CC-BDAB-8E62CE2CF1E4}.Debug|Any CPU.ActiveCfg = Debug|Any CPU
		{D7C66732-EBF3-44CC-BDAB-8E62CE2CF1E4}.Debug|Any CPU.Build.0 = Debug|Any CPU
		{D7C66732-EBF3-44CC-BDAB-8E62CE2CF1E4}.Release|Any CPU.ActiveCfg = Release|Any CPU
		{D7C66732-EBF3-44CC-BDAB-8E62CE2CF1E4}.Release|Any CPU.Build.0 = Release|Any CPU
		{5E7FD32D-A722-4F0E-A5DB-7979786D6DC8}.Debug|Any CPU.ActiveCfg = Debug|Any CPU
		{5E7FD32D-A722-4F0E-A5DB-7979786D6DC8}.Debug|Any CPU.Build.0 = Debug|Any CPU
		{5E7FD32D-A722-4F0E-A5DB-7979786D6DC8}.Release|Any CPU.ActiveCfg = Release|Any CPU
		{5E7FD32D-A722-4F0E-A5DB-7979786D6DC8}.Release|Any CPU.Build.0 = Release|Any CPU
		{308177B2-800B-441E-9C73-1D703965AC70}.Debug|Any CPU.ActiveCfg = Debug|Any CPU
		{308177B2-800B-441E-9C73-1D703965AC70}.Debug|Any CPU.Build.0 = Debug|Any CPU
		{308177B2-800B-441E-9C73-1D703965AC70}.Release|Any CPU.ActiveCfg = Release|Any CPU
		{308177B2-800B-441E-9C73-1D703965AC70}.Release|Any CPU.Build.0 = Release|Any CPU
		{6E92753A-F611-44CB-AAE3-6BD0F6E2696C}.Debug|Any CPU.ActiveCfg = Debug|Any CPU
		{6E92753A-F611-44CB-AAE3-6BD0F6E2696C}.Debug|Any CPU.Build.0 = Debug|Any CPU
		{6E92753A-F611-44CB-AAE3-6BD0F6E2696C}.Release|Any CPU.ActiveCfg = Release|Any CPU
		{6E92753A-F611-44CB-AAE3-6BD0F6E2696C}.Release|Any CPU.Build.0 = Release|Any CPU
		{C19F4E56-5410-4180-8FC1-A14660CCF025}.Debug|Any CPU.ActiveCfg = Debug|Any CPU
		{C19F4E56-5410-4180-8FC1-A14660CCF025}.Debug|Any CPU.Build.0 = Debug|Any CPU
		{C19F4E56-5410-4180-8FC1-A14660CCF025}.Release|Any CPU.ActiveCfg = Release|Any CPU
		{C19F4E56-5410-4180-8FC1-A14660CCF025}.Release|Any CPU.Build.0 = Release|Any CPU
		{AB534D6A-8871-452B-815E-9FB1A33E5651}.Debug|Any CPU.ActiveCfg = Debug|Any CPU
		{AB534D6A-8871-452B-815E-9FB1A33E5651}.Debug|Any CPU.Build.0 = Debug|Any CPU
		{AB534D6A-8871-452B-815E-9FB1A33E5651}.Release|Any CPU.ActiveCfg = Release|Any CPU
		{AB534D6A-8871-452B-815E-9FB1A33E5651}.Release|Any CPU.Build.0 = Release|Any CPU
		{3C70D58C-2B3C-4A5F-9DCF-A72D3E80999C}.Debug|Any CPU.ActiveCfg = Debug|Any CPU
		{3C70D58C-2B3C-4A5F-9DCF-A72D3E80999C}.Debug|Any CPU.Build.0 = Debug|Any CPU
		{3C70D58C-2B3C-4A5F-9DCF-A72D3E80999C}.Release|Any CPU.ActiveCfg = Release|Any CPU
		{3C70D58C-2B3C-4A5F-9DCF-A72D3E80999C}.Release|Any CPU.Build.0 = Release|Any CPU
		{3BE91EBC-D33B-46E3-9419-92F1688504A1}.Debug|Any CPU.ActiveCfg = Debug|Any CPU
		{3BE91EBC-D33B-46E3-9419-92F1688504A1}.Debug|Any CPU.Build.0 = Debug|Any CPU
		{3BE91EBC-D33B-46E3-9419-92F1688504A1}.Release|Any CPU.ActiveCfg = Release|Any CPU
		{3BE91EBC-D33B-46E3-9419-92F1688504A1}.Release|Any CPU.Build.0 = Release|Any CPU
		{AF542071-0B59-4AA1-A7A6-EFD0658640FB}.Debug|Any CPU.ActiveCfg = Debug|Any CPU
		{AF542071-0B59-4AA1-A7A6-EFD0658640FB}.Debug|Any CPU.Build.0 = Debug|Any CPU
		{AF542071-0B59-4AA1-A7A6-EFD0658640FB}.Release|Any CPU.ActiveCfg = Release|Any CPU
		{AF542071-0B59-4AA1-A7A6-EFD0658640FB}.Release|Any CPU.Build.0 = Release|Any CPU
		{712A17FC-9B65-4505-B6A5-275126C399CE}.Debug|Any CPU.ActiveCfg = Debug|Any CPU
		{712A17FC-9B65-4505-B6A5-275126C399CE}.Debug|Any CPU.Build.0 = Debug|Any CPU
		{712A17FC-9B65-4505-B6A5-275126C399CE}.Release|Any CPU.ActiveCfg = Release|Any CPU
		{712A17FC-9B65-4505-B6A5-275126C399CE}.Release|Any CPU.Build.0 = Release|Any CPU
		{ED280BAE-5969-4D12-BD72-CCDABA9DBE4E}.Debug|Any CPU.ActiveCfg = Debug|Any CPU
		{ED280BAE-5969-4D12-BD72-CCDABA9DBE4E}.Debug|Any CPU.Build.0 = Debug|Any CPU
		{ED280BAE-5969-4D12-BD72-CCDABA9DBE4E}.Release|Any CPU.ActiveCfg = Release|Any CPU
		{ED280BAE-5969-4D12-BD72-CCDABA9DBE4E}.Release|Any CPU.Build.0 = Release|Any CPU
		{6F9365C0-3963-4480-A666-022168277B00}.Debug|Any CPU.ActiveCfg = Debug|Any CPU
		{6F9365C0-3963-4480-A666-022168277B00}.Debug|Any CPU.Build.0 = Debug|Any CPU
		{6F9365C0-3963-4480-A666-022168277B00}.Release|Any CPU.ActiveCfg = Release|Any CPU
		{6F9365C0-3963-4480-A666-022168277B00}.Release|Any CPU.Build.0 = Release|Any CPU
		{88675020-A160-48D0-AFD1-2A632839878D}.Debug|Any CPU.ActiveCfg = Debug|Any CPU
		{88675020-A160-48D0-AFD1-2A632839878D}.Debug|Any CPU.Build.0 = Debug|Any CPU
		{88675020-A160-48D0-AFD1-2A632839878D}.Release|Any CPU.ActiveCfg = Release|Any CPU
		{88675020-A160-48D0-AFD1-2A632839878D}.Release|Any CPU.Build.0 = Release|Any CPU
	EndGlobalSection
EndGlobal
