
Microsoft Visual Studio Solution File, Format Version 12.00
# Visual Studio 15
Project("{FAE04EC0-301F-11D3-BF4B-00C04F79EFBC}") = "001_Method", "Methods\001_Method.csproj", "{D4B34A27-1101-4C41-991D-0D3672BB0EC6}"
EndProject
Project("{FAE04EC0-301F-11D3-BF4B-00C04F79EFBC}") = "002_Method", "002_Method\002_Method.csproj", "{72FBC974-7277-4AE3-828D-D366070D47E4}"
EndProject
Project("{FAE04EC0-301F-11D3-BF4B-00C04F79EFBC}") = "003_Method", "003_Method\003_Method.csproj", "{87E05F4D-1EDC-4AAB-B337-60A81FA0BAC6}"
EndProject
Project("{FAE04EC0-301F-11D3-BF4B-00C04F79EFBC}") = "004_Method", "004_Method\004_Method.csproj", "{D8EDAE61-4D79-42D1-93E0-FA8E999FF3CB}"
EndProject
Project("{FAE04EC0-301F-11D3-BF4B-00C04F79EFBC}") = "005_Method", "005_Method\005_Method.csproj", "{4AB256FA-D821-4C80-A0FF-07D20CECD676}"
EndProject
Project("{FAE04EC0-301F-11D3-BF4B-00C04F79EFBC}") = "006_Method", "006_Method\006_Method.csproj", "{A8F7ABAC-CB85-43F0-9FC1-1E681550FBC9}"
EndProject
Project("{FAE04EC0-301F-11D3-BF4B-00C04F79EFBC}") = "007_Method", "007_Method\007_Method.csproj", "{A19EDC3E-AA58-44BF-9827-6C527D977E7C}"
EndProject
Project("{FAE04EC0-301F-11D3-BF4B-00C04F79EFBC}") = "008_Method", "008_Method\008_Method.csproj", "{C0119043-F096-4B64-9934-C808DA1B2A45}"
EndProject
Project("{FAE04EC0-301F-11D3-BF4B-00C04F79EFBC}") = "016_Method", "016_Method\016_Method.csproj", "{4B7075D1-26C3-4857-926C-B31E4AD8D887}"
EndProject
Project("{FAE04EC0-301F-11D3-BF4B-00C04F79EFBC}") = "009_Method", "009_Method\009_Method.csproj", "{BE039A20-264A-42A2-BF3B-0445371B0471}"
EndProject
Project("{FAE04EC0-301F-11D3-BF4B-00C04F79EFBC}") = "010_Method", "010_Method\010_Method.csproj", "{8078122C-CECF-4D9D-AB1A-67D61A05F829}"
EndProject
Project("{FAE04EC0-301F-11D3-BF4B-00C04F79EFBC}") = "011_Method", "011_Method\011_Method.csproj", "{A5EEE290-94A1-47EA-9794-BF430D3C5F55}"
EndProject
Project("{FAE04EC0-301F-11D3-BF4B-00C04F79EFBC}") = "012_Method", "012_Method\012_Method.csproj", "{E0126E8D-2403-47A1-9AF4-141813A3346E}"
EndProject
Project("{FAE04EC0-301F-11D3-BF4B-00C04F79EFBC}") = "013_Method", "013_Method\013_Method.csproj", "{A8AEF84C-F7A6-49AE-A155-DC9AF260F675}"
EndProject
Project("{FAE04EC0-301F-11D3-BF4B-00C04F79EFBC}") = "014_Method", "014_Method\014_Method.csproj", "{8268077E-492F-4F32-A461-66E364170408}"
EndProject
Project("{FAE04EC0-301F-11D3-BF4B-00C04F79EFBC}") = "015_Method", "015_Method\015_Method.csproj", "{6E3720D0-C791-4C0B-8EC5-2731C775FF44}"
EndProject
Global
	GlobalSection(SolutionConfigurationPlatforms) = preSolution
		Debug|Any CPU = Debug|Any CPU
		Release|Any CPU = Release|Any CPU
	EndGlobalSection
	GlobalSection(ProjectConfigurationPlatforms) = postSolution
		{D4B34A27-1101-4C41-991D-0D3672BB0EC6}.Debug|Any CPU.ActiveCfg = Debug|Any CPU
		{D4B34A27-1101-4C41-991D-0D3672BB0EC6}.Debug|Any CPU.Build.0 = Debug|Any CPU
		{D4B34A27-1101-4C41-991D-0D3672BB0EC6}.Release|Any CPU.ActiveCfg = Release|Any CPU
		{D4B34A27-1101-4C41-991D-0D3672BB0EC6}.Release|Any CPU.Build.0 = Release|Any CPU
		{72FBC974-7277-4AE3-828D-D366070D47E4}.Debug|Any CPU.ActiveCfg = Debug|Any CPU
		{72FBC974-7277-4AE3-828D-D366070D47E4}.Debug|Any CPU.Build.0 = Debug|Any CPU
		{72FBC974-7277-4AE3-828D-D366070D47E4}.Release|Any CPU.ActiveCfg = Release|Any CPU
		{72FBC974-7277-4AE3-828D-D366070D47E4}.Release|Any CPU.Build.0 = Release|Any CPU
		{87E05F4D-1EDC-4AAB-B337-60A81FA0BAC6}.Debug|Any CPU.ActiveCfg = Debug|Any CPU
		{87E05F4D-1EDC-4AAB-B337-60A81FA0BAC6}.Debug|Any CPU.Build.0 = Debug|Any CPU
		{87E05F4D-1EDC-4AAB-B337-60A81FA0BAC6}.Release|Any CPU.ActiveCfg = Release|Any CPU
		{87E05F4D-1EDC-4AAB-B337-60A81FA0BAC6}.Release|Any CPU.Build.0 = Release|Any CPU
		{D8EDAE61-4D79-42D1-93E0-FA8E999FF3CB}.Debug|Any CPU.ActiveCfg = Debug|Any CPU
		{D8EDAE61-4D79-42D1-93E0-FA8E999FF3CB}.Debug|Any CPU.Build.0 = Debug|Any CPU
		{D8EDAE61-4D79-42D1-93E0-FA8E999FF3CB}.Release|Any CPU.ActiveCfg = Release|Any CPU
		{D8EDAE61-4D79-42D1-93E0-FA8E999FF3CB}.Release|Any CPU.Build.0 = Release|Any CPU
		{4AB256FA-D821-4C80-A0FF-07D20CECD676}.Debug|Any CPU.ActiveCfg = Debug|Any CPU
		{4AB256FA-D821-4C80-A0FF-07D20CECD676}.Debug|Any CPU.Build.0 = Debug|Any CPU
		{4AB256FA-D821-4C80-A0FF-07D20CECD676}.Release|Any CPU.ActiveCfg = Release|Any CPU
		{4AB256FA-D821-4C80-A0FF-07D20CECD676}.Release|Any CPU.Build.0 = Release|Any CPU
		{A8F7ABAC-CB85-43F0-9FC1-1E681550FBC9}.Debug|Any CPU.ActiveCfg = Debug|Any CPU
		{A8F7ABAC-CB85-43F0-9FC1-1E681550FBC9}.Debug|Any CPU.Build.0 = Debug|Any CPU
		{A8F7ABAC-CB85-43F0-9FC1-1E681550FBC9}.Release|Any CPU.ActiveCfg = Release|Any CPU
		{A8F7ABAC-CB85-43F0-9FC1-1E681550FBC9}.Release|Any CPU.Build.0 = Release|Any CPU
		{A19EDC3E-AA58-44BF-9827-6C527D977E7C}.Debug|Any CPU.ActiveCfg = Debug|Any CPU
		{A19EDC3E-AA58-44BF-9827-6C527D977E7C}.Debug|Any CPU.Build.0 = Debug|Any CPU
		{A19EDC3E-AA58-44BF-9827-6C527D977E7C}.Release|Any CPU.ActiveCfg = Release|Any CPU
		{A19EDC3E-AA58-44BF-9827-6C527D977E7C}.Release|Any CPU.Build.0 = Release|Any CPU
		{C0119043-F096-4B64-9934-C808DA1B2A45}.Debug|Any CPU.ActiveCfg = Debug|Any CPU
		{C0119043-F096-4B64-9934-C808DA1B2A45}.Debug|Any CPU.Build.0 = Debug|Any CPU
		{C0119043-F096-4B64-9934-C808DA1B2A45}.Release|Any CPU.ActiveCfg = Release|Any CPU
		{C0119043-F096-4B64-9934-C808DA1B2A45}.Release|Any CPU.Build.0 = Release|Any CPU
		{4B7075D1-26C3-4857-926C-B31E4AD8D887}.Debug|Any CPU.ActiveCfg = Debug|Any CPU
		{4B7075D1-26C3-4857-926C-B31E4AD8D887}.Debug|Any CPU.Build.0 = Debug|Any CPU
		{4B7075D1-26C3-4857-926C-B31E4AD8D887}.Release|Any CPU.ActiveCfg = Release|Any CPU
		{4B7075D1-26C3-4857-926C-B31E4AD8D887}.Release|Any CPU.Build.0 = Release|Any CPU
		{BE039A20-264A-42A2-BF3B-0445371B0471}.Debug|Any CPU.ActiveCfg = Debug|Any CPU
		{BE039A20-264A-42A2-BF3B-0445371B0471}.Debug|Any CPU.Build.0 = Debug|Any CPU
		{BE039A20-264A-42A2-BF3B-0445371B0471}.Release|Any CPU.ActiveCfg = Release|Any CPU
		{BE039A20-264A-42A2-BF3B-0445371B0471}.Release|Any CPU.Build.0 = Release|Any CPU
		{8078122C-CECF-4D9D-AB1A-67D61A05F829}.Debug|Any CPU.ActiveCfg = Debug|Any CPU
		{8078122C-CECF-4D9D-AB1A-67D61A05F829}.Debug|Any CPU.Build.0 = Debug|Any CPU
		{8078122C-CECF-4D9D-AB1A-67D61A05F829}.Release|Any CPU.ActiveCfg = Release|Any CPU
		{8078122C-CECF-4D9D-AB1A-67D61A05F829}.Release|Any CPU.Build.0 = Release|Any CPU
		{A5EEE290-94A1-47EA-9794-BF430D3C5F55}.Debug|Any CPU.ActiveCfg = Debug|Any CPU
		{A5EEE290-94A1-47EA-9794-BF430D3C5F55}.Debug|Any CPU.Build.0 = Debug|Any CPU
		{A5EEE290-94A1-47EA-9794-BF430D3C5F55}.Release|Any CPU.ActiveCfg = Release|Any CPU
		{A5EEE290-94A1-47EA-9794-BF430D3C5F55}.Release|Any CPU.Build.0 = Release|Any CPU
		{E0126E8D-2403-47A1-9AF4-141813A3346E}.Debug|Any CPU.ActiveCfg = Debug|Any CPU
		{E0126E8D-2403-47A1-9AF4-141813A3346E}.Debug|Any CPU.Build.0 = Debug|Any CPU
		{E0126E8D-2403-47A1-9AF4-141813A3346E}.Release|Any CPU.ActiveCfg = Release|Any CPU
		{E0126E8D-2403-47A1-9AF4-141813A3346E}.Release|Any CPU.Build.0 = Release|Any CPU
		{A8AEF84C-F7A6-49AE-A155-DC9AF260F675}.Debug|Any CPU.ActiveCfg = Debug|Any CPU
		{A8AEF84C-F7A6-49AE-A155-DC9AF260F675}.Debug|Any CPU.Build.0 = Debug|Any CPU
		{A8AEF84C-F7A6-49AE-A155-DC9AF260F675}.Release|Any CPU.ActiveCfg = Release|Any CPU
		{A8AEF84C-F7A6-49AE-A155-DC9AF260F675}.Release|Any CPU.Build.0 = Release|Any CPU
		{8268077E-492F-4F32-A461-66E364170408}.Debug|Any CPU.ActiveCfg = Debug|Any CPU
		{8268077E-492F-4F32-A461-66E364170408}.Debug|Any CPU.Build.0 = Debug|Any CPU
		{8268077E-492F-4F32-A461-66E364170408}.Release|Any CPU.ActiveCfg = Release|Any CPU
		{8268077E-492F-4F32-A461-66E364170408}.Release|Any CPU.Build.0 = Release|Any CPU
		{6E3720D0-C791-4C0B-8EC5-2731C775FF44}.Debug|Any CPU.ActiveCfg = Debug|Any CPU
		{6E3720D0-C791-4C0B-8EC5-2731C775FF44}.Debug|Any CPU.Build.0 = Debug|Any CPU
		{6E3720D0-C791-4C0B-8EC5-2731C775FF44}.Release|Any CPU.ActiveCfg = Release|Any CPU
		{6E3720D0-C791-4C0B-8EC5-2731C775FF44}.Release|Any CPU.Build.0 = Release|Any CPU
	EndGlobalSection
EndGlobal
