
Microsoft Visual Studio Solution File, Format Version 12.00
# Visual Studio 15
Project("{FAE04EC0-301F-11D3-BF4B-00C04F79EFBC}") = "001_Constant", "constants\001_Constant.csproj", "{EBE5583D-AA4E-466A-BEBB-8E1BAC9F2F95}"
EndProject
Project("{FAE04EC0-301F-11D3-BF4B-00C04F79EFBC}") = "002_Casting", "Casting\002_Casting.csproj", "{72DEDC0E-9EED-47B1-AFEC-3829A135BE54}"
EndProject
Project("{FAE04EC0-301F-11D3-BF4B-00C04F79EFBC}") = "003_Arithmetic", "Arithmetic\003_Arithmetic.csproj", "{9FC2EEC5-6604-4E55-84B5-9AF4FE34FA13}"
EndProject
Project("{FAE04EC0-301F-11D3-BF4B-00C04F79EFBC}") = "004_MathPow", "MathPow\004_MathPow.csproj", "{9BD15A76-7D3C-47D0-8D2D-0FC4545A7934}"
EndProject
Project("{FAE04EC0-301F-11D3-BF4B-00C04F79EFBC}") = "005_MathSqrt", "MathSqrt\005_MathSqrt.csproj", "{B9AC9461-C745-4BA6-BB7B-4A1541E5524C}"
EndProject
Project("{FAE04EC0-301F-11D3-BF4B-00C04F79EFBC}") = "006_Comparison", "Comparison\006_Comparison.csproj", "{72121E31-71D8-4DF3-B436-B81FD74F3CD6}"
EndProject
Project("{FAE04EC0-301F-11D3-BF4B-00C04F79EFBC}") = "007_IncDec", "IncDec\007_IncDec.csproj", "{45CD8D4E-91A5-4E7C-A63D-F96076A92802}"
EndProject
Project("{FAE04EC0-301F-11D3-BF4B-00C04F79EFBC}") = "008_Assignement", "Assignement\008_Assignement.csproj", "{8C8331A5-5B29-4090-B48B-599BF6F270B7}"
EndProject
Project("{FAE04EC0-301F-11D3-BF4B-00C04F79EFBC}") = "009_LocalVariables", "LocalVariables\009_LocalVariables.csproj", "{C92446DC-5FD8-4EC9-8EE0-C9BB3500D0C4}"
EndProject
Project("{FAE04EC0-301F-11D3-BF4B-00C04F79EFBC}") = "010_At", "At\010_At.csproj", "{CFC222BF-FF4A-45FF-9067-A56F4BDB67D5}"
EndProject
Project("{FAE04EC0-301F-11D3-BF4B-00C04F79EFBC}") = "011_Checked", "Checked\011_Checked.csproj", "{50187392-786A-4E7C-B9B3-02C51B791C93}"
EndProject
Project("{FAE04EC0-301F-11D3-BF4B-00C04F79EFBC}") = "012_UnChecked", "UnChecked\012_UnChecked.csproj", "{53613767-BBB3-451B-80CF-88AEC42624E3}"
EndProject
Project("{FAE04EC0-301F-11D3-BF4B-00C04F79EFBC}") = "013_CheckedUnChecked", "CheckedUnChecked\013_CheckedUnChecked.csproj", "{CB3EF207-3632-473E-8785-5792A5536C8D}"
EndProject
Project("{FAE04EC0-301F-11D3-BF4B-00C04F79EFBC}") = "014_Concatenation", "Concatenation\014_Concatenation.csproj", "{B0364ED5-FA62-4F4F-BD9B-07F679635016}"
EndProject
Project("{FAE04EC0-301F-11D3-BF4B-00C04F79EFBC}") = "015_StringFormat", "StringFormat\015_StringFormat.csproj", "{04EBBEBE-F144-408C-B5E7-44A6486C844C}"
EndProject
Project("{FAE04EC0-301F-11D3-BF4B-00C04F79EFBC}") = "016_FlagFormating", "FlagFormating\016_FlagFormating.csproj", "{D0B92146-601A-4380-A255-FA5552F6B2F6}"
EndProject
Project("{FAE04EC0-301F-11D3-BF4B-00C04F79EFBC}") = "017_Sizeof", "Sizeof\017_Sizeof.csproj", "{CE4803CB-F549-4DC9-94A4-D3E4EC65A4EA}"
EndProject
Project("{FAE04EC0-301F-11D3-BF4B-00C04F79EFBC}") = "018_Var", "Var\018_Var.csproj", "{7DD2CDA8-5BA1-4377-98B9-746E4B25148F}"
EndProject
Project("{FAE04EC0-301F-11D3-BF4B-00C04F79EFBC}") = "019_Comparison", "Comparition\019_Comparison.csproj", "{2EC5EF91-E8FF-4ED9-B1C6-66425BE4EF17}"
EndProject
Project("{FAE04EC0-301F-11D3-BF4B-00C04F79EFBC}") = "TypesSelfWork_001", "TypesHomeWork\TypesSelfWork_001.csproj", "{4B665984-815C-4BB7-B675-C25BCF47D5DC}"
EndProject
Project("{FAE04EC0-301F-11D3-BF4B-00C04F79EFBC}") = "TypesSelfWork_002", "002_TypesHomeWork\TypesSelfWork_002.csproj", "{4C0DE409-4D28-411E-9DF5-C4CF835FCD1B}"
EndProject
Project("{FAE04EC0-301F-11D3-BF4B-00C04F79EFBC}") = "TypesSelfWork_003", "TypesHomeWork_003\TypesSelfWork_003.csproj", "{B9ADB9A6-7701-4C86-961A-F1555959233F}"
EndProject
Project("{FAE04EC0-301F-11D3-BF4B-00C04F79EFBC}") = "TypesSelfWork_004", "TypesHomeWork_004\TypesSelfWork_004.csproj", "{8CFD64AD-C3BA-434D-A5D0-789FDAE5E4C8}"
EndProject
Global
	GlobalSection(SolutionConfigurationPlatforms) = preSolution
		Debug|Any CPU = Debug|Any CPU
		Release|Any CPU = Release|Any CPU
	EndGlobalSection
	GlobalSection(ProjectConfigurationPlatforms) = postSolution
		{EBE5583D-AA4E-466A-BEBB-8E1BAC9F2F95}.Debug|Any CPU.ActiveCfg = Debug|Any CPU
		{EBE5583D-AA4E-466A-BEBB-8E1BAC9F2F95}.Debug|Any CPU.Build.0 = Debug|Any CPU
		{EBE5583D-AA4E-466A-BEBB-8E1BAC9F2F95}.Release|Any CPU.ActiveCfg = Release|Any CPU
		{EBE5583D-AA4E-466A-BEBB-8E1BAC9F2F95}.Release|Any CPU.Build.0 = Release|Any CPU
		{72DEDC0E-9EED-47B1-AFEC-3829A135BE54}.Debug|Any CPU.ActiveCfg = Debug|Any CPU
		{72DEDC0E-9EED-47B1-AFEC-3829A135BE54}.Debug|Any CPU.Build.0 = Debug|Any CPU
		{72DEDC0E-9EED-47B1-AFEC-3829A135BE54}.Release|Any CPU.ActiveCfg = Release|Any CPU
		{72DEDC0E-9EED-47B1-AFEC-3829A135BE54}.Release|Any CPU.Build.0 = Release|Any CPU
		{9FC2EEC5-6604-4E55-84B5-9AF4FE34FA13}.Debug|Any CPU.ActiveCfg = Debug|Any CPU
		{9FC2EEC5-6604-4E55-84B5-9AF4FE34FA13}.Debug|Any CPU.Build.0 = Debug|Any CPU
		{9FC2EEC5-6604-4E55-84B5-9AF4FE34FA13}.Release|Any CPU.ActiveCfg = Release|Any CPU
		{9FC2EEC5-6604-4E55-84B5-9AF4FE34FA13}.Release|Any CPU.Build.0 = Release|Any CPU
		{9BD15A76-7D3C-47D0-8D2D-0FC4545A7934}.Debug|Any CPU.ActiveCfg = Debug|Any CPU
		{9BD15A76-7D3C-47D0-8D2D-0FC4545A7934}.Debug|Any CPU.Build.0 = Debug|Any CPU
		{9BD15A76-7D3C-47D0-8D2D-0FC4545A7934}.Release|Any CPU.ActiveCfg = Release|Any CPU
		{9BD15A76-7D3C-47D0-8D2D-0FC4545A7934}.Release|Any CPU.Build.0 = Release|Any CPU
		{B9AC9461-C745-4BA6-BB7B-4A1541E5524C}.Debug|Any CPU.ActiveCfg = Debug|Any CPU
		{B9AC9461-C745-4BA6-BB7B-4A1541E5524C}.Debug|Any CPU.Build.0 = Debug|Any CPU
		{B9AC9461-C745-4BA6-BB7B-4A1541E5524C}.Release|Any CPU.ActiveCfg = Release|Any CPU
		{B9AC9461-C745-4BA6-BB7B-4A1541E5524C}.Release|Any CPU.Build.0 = Release|Any CPU
		{72121E31-71D8-4DF3-B436-B81FD74F3CD6}.Debug|Any CPU.ActiveCfg = Debug|Any CPU
		{72121E31-71D8-4DF3-B436-B81FD74F3CD6}.Debug|Any CPU.Build.0 = Debug|Any CPU
		{72121E31-71D8-4DF3-B436-B81FD74F3CD6}.Release|Any CPU.ActiveCfg = Release|Any CPU
		{72121E31-71D8-4DF3-B436-B81FD74F3CD6}.Release|Any CPU.Build.0 = Release|Any CPU
		{45CD8D4E-91A5-4E7C-A63D-F96076A92802}.Debug|Any CPU.ActiveCfg = Debug|Any CPU
		{45CD8D4E-91A5-4E7C-A63D-F96076A92802}.Debug|Any CPU.Build.0 = Debug|Any CPU
		{45CD8D4E-91A5-4E7C-A63D-F96076A92802}.Release|Any CPU.ActiveCfg = Release|Any CPU
		{45CD8D4E-91A5-4E7C-A63D-F96076A92802}.Release|Any CPU.Build.0 = Release|Any CPU
		{8C8331A5-5B29-4090-B48B-599BF6F270B7}.Debug|Any CPU.ActiveCfg = Debug|Any CPU
		{8C8331A5-5B29-4090-B48B-599BF6F270B7}.Debug|Any CPU.Build.0 = Debug|Any CPU
		{8C8331A5-5B29-4090-B48B-599BF6F270B7}.Release|Any CPU.ActiveCfg = Release|Any CPU
		{8C8331A5-5B29-4090-B48B-599BF6F270B7}.Release|Any CPU.Build.0 = Release|Any CPU
		{C92446DC-5FD8-4EC9-8EE0-C9BB3500D0C4}.Debug|Any CPU.ActiveCfg = Debug|Any CPU
		{C92446DC-5FD8-4EC9-8EE0-C9BB3500D0C4}.Debug|Any CPU.Build.0 = Debug|Any CPU
		{C92446DC-5FD8-4EC9-8EE0-C9BB3500D0C4}.Release|Any CPU.ActiveCfg = Release|Any CPU
		{C92446DC-5FD8-4EC9-8EE0-C9BB3500D0C4}.Release|Any CPU.Build.0 = Release|Any CPU
		{CFC222BF-FF4A-45FF-9067-A56F4BDB67D5}.Debug|Any CPU.ActiveCfg = Debug|Any CPU
		{CFC222BF-FF4A-45FF-9067-A56F4BDB67D5}.Debug|Any CPU.Build.0 = Debug|Any CPU
		{CFC222BF-FF4A-45FF-9067-A56F4BDB67D5}.Release|Any CPU.ActiveCfg = Release|Any CPU
		{CFC222BF-FF4A-45FF-9067-A56F4BDB67D5}.Release|Any CPU.Build.0 = Release|Any CPU
		{50187392-786A-4E7C-B9B3-02C51B791C93}.Debug|Any CPU.ActiveCfg = Debug|Any CPU
		{50187392-786A-4E7C-B9B3-02C51B791C93}.Debug|Any CPU.Build.0 = Debug|Any CPU
		{50187392-786A-4E7C-B9B3-02C51B791C93}.Release|Any CPU.ActiveCfg = Release|Any CPU
		{50187392-786A-4E7C-B9B3-02C51B791C93}.Release|Any CPU.Build.0 = Release|Any CPU
		{53613767-BBB3-451B-80CF-88AEC42624E3}.Debug|Any CPU.ActiveCfg = Debug|Any CPU
		{53613767-BBB3-451B-80CF-88AEC42624E3}.Debug|Any CPU.Build.0 = Debug|Any CPU
		{53613767-BBB3-451B-80CF-88AEC42624E3}.Release|Any CPU.ActiveCfg = Release|Any CPU
		{53613767-BBB3-451B-80CF-88AEC42624E3}.Release|Any CPU.Build.0 = Release|Any CPU
		{CB3EF207-3632-473E-8785-5792A5536C8D}.Debug|Any CPU.ActiveCfg = Debug|Any CPU
		{CB3EF207-3632-473E-8785-5792A5536C8D}.Debug|Any CPU.Build.0 = Debug|Any CPU
		{CB3EF207-3632-473E-8785-5792A5536C8D}.Release|Any CPU.ActiveCfg = Release|Any CPU
		{CB3EF207-3632-473E-8785-5792A5536C8D}.Release|Any CPU.Build.0 = Release|Any CPU
		{B0364ED5-FA62-4F4F-BD9B-07F679635016}.Debug|Any CPU.ActiveCfg = Debug|Any CPU
		{B0364ED5-FA62-4F4F-BD9B-07F679635016}.Debug|Any CPU.Build.0 = Debug|Any CPU
		{B0364ED5-FA62-4F4F-BD9B-07F679635016}.Release|Any CPU.ActiveCfg = Release|Any CPU
		{B0364ED5-FA62-4F4F-BD9B-07F679635016}.Release|Any CPU.Build.0 = Release|Any CPU
		{04EBBEBE-F144-408C-B5E7-44A6486C844C}.Debug|Any CPU.ActiveCfg = Debug|Any CPU
		{04EBBEBE-F144-408C-B5E7-44A6486C844C}.Debug|Any CPU.Build.0 = Debug|Any CPU
		{04EBBEBE-F144-408C-B5E7-44A6486C844C}.Release|Any CPU.ActiveCfg = Release|Any CPU
		{04EBBEBE-F144-408C-B5E7-44A6486C844C}.Release|Any CPU.Build.0 = Release|Any CPU
		{D0B92146-601A-4380-A255-FA5552F6B2F6}.Debug|Any CPU.ActiveCfg = Debug|Any CPU
		{D0B92146-601A-4380-A255-FA5552F6B2F6}.Debug|Any CPU.Build.0 = Debug|Any CPU
		{D0B92146-601A-4380-A255-FA5552F6B2F6}.Release|Any CPU.ActiveCfg = Release|Any CPU
		{D0B92146-601A-4380-A255-FA5552F6B2F6}.Release|Any CPU.Build.0 = Release|Any CPU
		{CE4803CB-F549-4DC9-94A4-D3E4EC65A4EA}.Debug|Any CPU.ActiveCfg = Debug|Any CPU
		{CE4803CB-F549-4DC9-94A4-D3E4EC65A4EA}.Debug|Any CPU.Build.0 = Debug|Any CPU
		{CE4803CB-F549-4DC9-94A4-D3E4EC65A4EA}.Release|Any CPU.ActiveCfg = Release|Any CPU
		{CE4803CB-F549-4DC9-94A4-D3E4EC65A4EA}.Release|Any CPU.Build.0 = Release|Any CPU
		{7DD2CDA8-5BA1-4377-98B9-746E4B25148F}.Debug|Any CPU.ActiveCfg = Debug|Any CPU
		{7DD2CDA8-5BA1-4377-98B9-746E4B25148F}.Debug|Any CPU.Build.0 = Debug|Any CPU
		{7DD2CDA8-5BA1-4377-98B9-746E4B25148F}.Release|Any CPU.ActiveCfg = Release|Any CPU
		{7DD2CDA8-5BA1-4377-98B9-746E4B25148F}.Release|Any CPU.Build.0 = Release|Any CPU
		{2EC5EF91-E8FF-4ED9-B1C6-66425BE4EF17}.Debug|Any CPU.ActiveCfg = Debug|Any CPU
		{2EC5EF91-E8FF-4ED9-B1C6-66425BE4EF17}.Debug|Any CPU.Build.0 = Debug|Any CPU
		{2EC5EF91-E8FF-4ED9-B1C6-66425BE4EF17}.Release|Any CPU.ActiveCfg = Release|Any CPU
		{2EC5EF91-E8FF-4ED9-B1C6-66425BE4EF17}.Release|Any CPU.Build.0 = Release|Any CPU
		{4B665984-815C-4BB7-B675-C25BCF47D5DC}.Debug|Any CPU.ActiveCfg = Debug|Any CPU
		{4B665984-815C-4BB7-B675-C25BCF47D5DC}.Debug|Any CPU.Build.0 = Debug|Any CPU
		{4B665984-815C-4BB7-B675-C25BCF47D5DC}.Release|Any CPU.ActiveCfg = Release|Any CPU
		{4B665984-815C-4BB7-B675-C25BCF47D5DC}.Release|Any CPU.Build.0 = Release|Any CPU
		{4C0DE409-4D28-411E-9DF5-C4CF835FCD1B}.Debug|Any CPU.ActiveCfg = Debug|Any CPU
		{4C0DE409-4D28-411E-9DF5-C4CF835FCD1B}.Debug|Any CPU.Build.0 = Debug|Any CPU
		{4C0DE409-4D28-411E-9DF5-C4CF835FCD1B}.Release|Any CPU.ActiveCfg = Release|Any CPU
		{4C0DE409-4D28-411E-9DF5-C4CF835FCD1B}.Release|Any CPU.Build.0 = Release|Any CPU
		{B9ADB9A6-7701-4C86-961A-F1555959233F}.Debug|Any CPU.ActiveCfg = Debug|Any CPU
		{B9ADB9A6-7701-4C86-961A-F1555959233F}.Debug|Any CPU.Build.0 = Debug|Any CPU
		{B9ADB9A6-7701-4C86-961A-F1555959233F}.Release|Any CPU.ActiveCfg = Release|Any CPU
		{B9ADB9A6-7701-4C86-961A-F1555959233F}.Release|Any CPU.Build.0 = Release|Any CPU
		{8CFD64AD-C3BA-434D-A5D0-789FDAE5E4C8}.Debug|Any CPU.ActiveCfg = Debug|Any CPU
		{8CFD64AD-C3BA-434D-A5D0-789FDAE5E4C8}.Debug|Any CPU.Build.0 = Debug|Any CPU
		{8CFD64AD-C3BA-434D-A5D0-789FDAE5E4C8}.Release|Any CPU.ActiveCfg = Release|Any CPU
		{8CFD64AD-C3BA-434D-A5D0-789FDAE5E4C8}.Release|Any CPU.Build.0 = Release|Any CPU
	EndGlobalSection
EndGlobal
