
Microsoft Visual Studio Solution File, Format Version 12.00
# Visual Studio 15
Project("{FAE04EC0-301F-11D3-BF4B-00C04F79EFBC}") = "001_Arrays", "Arrays\001_Arrays.csproj", "{E030C52F-8D6E-48AC-B5D4-FF9DAC655FF1}"
EndProject
Project("{FAE04EC0-301F-11D3-BF4B-00C04F79EFBC}") = "002_Arrays", "002_Arrays\002_Arrays.csproj", "{953AB8CF-D798-4C84-8314-87CBAA227C1D}"
EndProject
Project("{FAE04EC0-301F-11D3-BF4B-00C04F79EFBC}") = "003_Arrays", "003_Arrays\003_Arrays.csproj", "{5D044C23-A62D-4142-B021-C11EE43E4940}"
EndProject
Project("{FAE04EC0-301F-11D3-BF4B-00C04F79EFBC}") = "004_Arrays", "004_Arrays\004_Arrays.csproj", "{AF67E09B-C018-438B-9E5D-410310729F70}"
EndProject
Project("{FAE04EC0-301F-11D3-BF4B-00C04F79EFBC}") = "005_Arrays", "005_Arrays\005_Arrays.csproj", "{B8606241-0FBB-4A31-B2B9-6AA7278F9BAE}"
EndProject
Project("{FAE04EC0-301F-11D3-BF4B-00C04F79EFBC}") = "006_Arrays", "006_Arrays\006_Arrays.csproj", "{49E1A14C-359D-4AE2-B26E-E0792E8E4960}"
EndProject
Project("{FAE04EC0-301F-11D3-BF4B-00C04F79EFBC}") = "007_TwoDimentionalArrays", "007_Arrays\007_TwoDimentionalArrays.csproj", "{E3DE5E80-E79D-4A8C-949F-7D2B7601149D}"
EndProject
Project("{FAE04EC0-301F-11D3-BF4B-00C04F79EFBC}") = "008_TwoDimentionalArrays", "008_Arrays\008_TwoDimentionalArrays.csproj", "{636F9C52-CC55-4601-9272-2A456C89663F}"
EndProject
Project("{FAE04EC0-301F-11D3-BF4B-00C04F79EFBC}") = "009_TwoDimentionalArrays", "009_Arrays\009_TwoDimentionalArrays.csproj", "{06A04D4D-38C2-4F3B-A044-FB6D9566CEAB}"
EndProject
Project("{FAE04EC0-301F-11D3-BF4B-00C04F79EFBC}") = "010_OneElement", "010_Arrays\010_OneElement.csproj", "{35BD2BD0-4B3C-4EF7-B935-EAD43CD9A017}"
EndProject
Project("{FAE04EC0-301F-11D3-BF4B-00C04F79EFBC}") = "011_ThreeDimensional", "011_Arrays\011_ThreeDimensional.csproj", "{E1A14101-DC03-4994-8935-DE363D564921}"
EndProject
Project("{FAE04EC0-301F-11D3-BF4B-00C04F79EFBC}") = "012_ThreeDimensional", "012_Arrays\012_ThreeDimensional.csproj", "{3994C1A8-F434-4F99-887F-139CC4FB4F29}"
EndProject
Project("{FAE04EC0-301F-11D3-BF4B-00C04F79EFBC}") = "013_FourDimensional", "013_Arrays\013_FourDimensional.csproj", "{99FBD030-C9EA-4BEA-8E2E-8ABEFD4F498F}"
EndProject
Project("{FAE04EC0-301F-11D3-BF4B-00C04F79EFBC}") = "014_FourDimensional", "014_Arrays\014_FourDimensional.csproj", "{3ED0B4DD-AADD-4A6D-BE94-8FDCE48A5104}"
EndProject
Project("{FAE04EC0-301F-11D3-BF4B-00C04F79EFBC}") = "015_Jagged", "015_Arrays\015_Jagged.csproj", "{6D26E4DC-A7EE-41DE-9460-E0D2E2B338D1}"
EndProject
Project("{FAE04EC0-301F-11D3-BF4B-00C04F79EFBC}") = "016_Jagged", "016_Arrays\016_Jagged.csproj", "{EC37A66E-B28E-4874-916F-4451DC68353A}"
EndProject
Project("{FAE04EC0-301F-11D3-BF4B-00C04F79EFBC}") = "017_MethodWithArray", "017_Arrays\017_MethodWithArray.csproj", "{2ECD2416-0FE1-4A20-99F2-EA9D78C73123}"
EndProject
Project("{FAE04EC0-301F-11D3-BF4B-00C04F79EFBC}") = "018_Params", "018_Arrays\018_Params.csproj", "{FFD228B2-F5C3-4CA5-8F0F-F9B1C398CAE6}"
EndProject
Project("{FAE04EC0-301F-11D3-BF4B-00C04F79EFBC}") = "019_Params", "019_Arrays\019_Params.csproj", "{1FCB5018-AFF8-4DF8-90CD-A873FCD135D5}"
EndProject
Global
	GlobalSection(SolutionConfigurationPlatforms) = preSolution
		Debug|Any CPU = Debug|Any CPU
		Release|Any CPU = Release|Any CPU
	EndGlobalSection
	GlobalSection(ProjectConfigurationPlatforms) = postSolution
		{E030C52F-8D6E-48AC-B5D4-FF9DAC655FF1}.Debug|Any CPU.ActiveCfg = Debug|Any CPU
		{E030C52F-8D6E-48AC-B5D4-FF9DAC655FF1}.Debug|Any CPU.Build.0 = Debug|Any CPU
		{E030C52F-8D6E-48AC-B5D4-FF9DAC655FF1}.Release|Any CPU.ActiveCfg = Release|Any CPU
		{E030C52F-8D6E-48AC-B5D4-FF9DAC655FF1}.Release|Any CPU.Build.0 = Release|Any CPU
		{953AB8CF-D798-4C84-8314-87CBAA227C1D}.Debug|Any CPU.ActiveCfg = Debug|Any CPU
		{953AB8CF-D798-4C84-8314-87CBAA227C1D}.Debug|Any CPU.Build.0 = Debug|Any CPU
		{953AB8CF-D798-4C84-8314-87CBAA227C1D}.Release|Any CPU.ActiveCfg = Release|Any CPU
		{953AB8CF-D798-4C84-8314-87CBAA227C1D}.Release|Any CPU.Build.0 = Release|Any CPU
		{5D044C23-A62D-4142-B021-C11EE43E4940}.Debug|Any CPU.ActiveCfg = Debug|Any CPU
		{5D044C23-A62D-4142-B021-C11EE43E4940}.Debug|Any CPU.Build.0 = Debug|Any CPU
		{5D044C23-A62D-4142-B021-C11EE43E4940}.Release|Any CPU.ActiveCfg = Release|Any CPU
		{5D044C23-A62D-4142-B021-C11EE43E4940}.Release|Any CPU.Build.0 = Release|Any CPU
		{AF67E09B-C018-438B-9E5D-410310729F70}.Debug|Any CPU.ActiveCfg = Debug|Any CPU
		{AF67E09B-C018-438B-9E5D-410310729F70}.Debug|Any CPU.Build.0 = Debug|Any CPU
		{AF67E09B-C018-438B-9E5D-410310729F70}.Release|Any CPU.ActiveCfg = Release|Any CPU
		{AF67E09B-C018-438B-9E5D-410310729F70}.Release|Any CPU.Build.0 = Release|Any CPU
		{B8606241-0FBB-4A31-B2B9-6AA7278F9BAE}.Debug|Any CPU.ActiveCfg = Debug|Any CPU
		{B8606241-0FBB-4A31-B2B9-6AA7278F9BAE}.Debug|Any CPU.Build.0 = Debug|Any CPU
		{B8606241-0FBB-4A31-B2B9-6AA7278F9BAE}.Release|Any CPU.ActiveCfg = Release|Any CPU
		{B8606241-0FBB-4A31-B2B9-6AA7278F9BAE}.Release|Any CPU.Build.0 = Release|Any CPU
		{49E1A14C-359D-4AE2-B26E-E0792E8E4960}.Debug|Any CPU.ActiveCfg = Debug|Any CPU
		{49E1A14C-359D-4AE2-B26E-E0792E8E4960}.Debug|Any CPU.Build.0 = Debug|Any CPU
		{49E1A14C-359D-4AE2-B26E-E0792E8E4960}.Release|Any CPU.ActiveCfg = Release|Any CPU
		{49E1A14C-359D-4AE2-B26E-E0792E8E4960}.Release|Any CPU.Build.0 = Release|Any CPU
		{E3DE5E80-E79D-4A8C-949F-7D2B7601149D}.Debug|Any CPU.ActiveCfg = Debug|Any CPU
		{E3DE5E80-E79D-4A8C-949F-7D2B7601149D}.Debug|Any CPU.Build.0 = Debug|Any CPU
		{E3DE5E80-E79D-4A8C-949F-7D2B7601149D}.Release|Any CPU.ActiveCfg = Release|Any CPU
		{E3DE5E80-E79D-4A8C-949F-7D2B7601149D}.Release|Any CPU.Build.0 = Release|Any CPU
		{636F9C52-CC55-4601-9272-2A456C89663F}.Debug|Any CPU.ActiveCfg = Debug|Any CPU
		{636F9C52-CC55-4601-9272-2A456C89663F}.Debug|Any CPU.Build.0 = Debug|Any CPU
		{636F9C52-CC55-4601-9272-2A456C89663F}.Release|Any CPU.ActiveCfg = Release|Any CPU
		{636F9C52-CC55-4601-9272-2A456C89663F}.Release|Any CPU.Build.0 = Release|Any CPU
		{06A04D4D-38C2-4F3B-A044-FB6D9566CEAB}.Debug|Any CPU.ActiveCfg = Debug|Any CPU
		{06A04D4D-38C2-4F3B-A044-FB6D9566CEAB}.Debug|Any CPU.Build.0 = Debug|Any CPU
		{06A04D4D-38C2-4F3B-A044-FB6D9566CEAB}.Release|Any CPU.ActiveCfg = Release|Any CPU
		{06A04D4D-38C2-4F3B-A044-FB6D9566CEAB}.Release|Any CPU.Build.0 = Release|Any CPU
		{35BD2BD0-4B3C-4EF7-B935-EAD43CD9A017}.Debug|Any CPU.ActiveCfg = Debug|Any CPU
		{35BD2BD0-4B3C-4EF7-B935-EAD43CD9A017}.Debug|Any CPU.Build.0 = Debug|Any CPU
		{35BD2BD0-4B3C-4EF7-B935-EAD43CD9A017}.Release|Any CPU.ActiveCfg = Release|Any CPU
		{35BD2BD0-4B3C-4EF7-B935-EAD43CD9A017}.Release|Any CPU.Build.0 = Release|Any CPU
		{E1A14101-DC03-4994-8935-DE363D564921}.Debug|Any CPU.ActiveCfg = Debug|Any CPU
		{E1A14101-DC03-4994-8935-DE363D564921}.Debug|Any CPU.Build.0 = Debug|Any CPU
		{E1A14101-DC03-4994-8935-DE363D564921}.Release|Any CPU.ActiveCfg = Release|Any CPU
		{E1A14101-DC03-4994-8935-DE363D564921}.Release|Any CPU.Build.0 = Release|Any CPU
		{3994C1A8-F434-4F99-887F-139CC4FB4F29}.Debug|Any CPU.ActiveCfg = Debug|Any CPU
		{3994C1A8-F434-4F99-887F-139CC4FB4F29}.Debug|Any CPU.Build.0 = Debug|Any CPU
		{3994C1A8-F434-4F99-887F-139CC4FB4F29}.Release|Any CPU.ActiveCfg = Release|Any CPU
		{3994C1A8-F434-4F99-887F-139CC4FB4F29}.Release|Any CPU.Build.0 = Release|Any CPU
		{99FBD030-C9EA-4BEA-8E2E-8ABEFD4F498F}.Debug|Any CPU.ActiveCfg = Debug|Any CPU
		{99FBD030-C9EA-4BEA-8E2E-8ABEFD4F498F}.Debug|Any CPU.Build.0 = Debug|Any CPU
		{99FBD030-C9EA-4BEA-8E2E-8ABEFD4F498F}.Release|Any CPU.ActiveCfg = Release|Any CPU
		{99FBD030-C9EA-4BEA-8E2E-8ABEFD4F498F}.Release|Any CPU.Build.0 = Release|Any CPU
		{3ED0B4DD-AADD-4A6D-BE94-8FDCE48A5104}.Debug|Any CPU.ActiveCfg = Debug|Any CPU
		{3ED0B4DD-AADD-4A6D-BE94-8FDCE48A5104}.Debug|Any CPU.Build.0 = Debug|Any CPU
		{3ED0B4DD-AADD-4A6D-BE94-8FDCE48A5104}.Release|Any CPU.ActiveCfg = Release|Any CPU
		{3ED0B4DD-AADD-4A6D-BE94-8FDCE48A5104}.Release|Any CPU.Build.0 = Release|Any CPU
		{6D26E4DC-A7EE-41DE-9460-E0D2E2B338D1}.Debug|Any CPU.ActiveCfg = Debug|Any CPU
		{6D26E4DC-A7EE-41DE-9460-E0D2E2B338D1}.Debug|Any CPU.Build.0 = Debug|Any CPU
		{6D26E4DC-A7EE-41DE-9460-E0D2E2B338D1}.Release|Any CPU.ActiveCfg = Release|Any CPU
		{6D26E4DC-A7EE-41DE-9460-E0D2E2B338D1}.Release|Any CPU.Build.0 = Release|Any CPU
		{EC37A66E-B28E-4874-916F-4451DC68353A}.Debug|Any CPU.ActiveCfg = Debug|Any CPU
		{EC37A66E-B28E-4874-916F-4451DC68353A}.Debug|Any CPU.Build.0 = Debug|Any CPU
		{EC37A66E-B28E-4874-916F-4451DC68353A}.Release|Any CPU.ActiveCfg = Release|Any CPU
		{EC37A66E-B28E-4874-916F-4451DC68353A}.Release|Any CPU.Build.0 = Release|Any CPU
		{2ECD2416-0FE1-4A20-99F2-EA9D78C73123}.Debug|Any CPU.ActiveCfg = Debug|Any CPU
		{2ECD2416-0FE1-4A20-99F2-EA9D78C73123}.Debug|Any CPU.Build.0 = Debug|Any CPU
		{2ECD2416-0FE1-4A20-99F2-EA9D78C73123}.Release|Any CPU.ActiveCfg = Release|Any CPU
		{2ECD2416-0FE1-4A20-99F2-EA9D78C73123}.Release|Any CPU.Build.0 = Release|Any CPU
		{FFD228B2-F5C3-4CA5-8F0F-F9B1C398CAE6}.Debug|Any CPU.ActiveCfg = Debug|Any CPU
		{FFD228B2-F5C3-4CA5-8F0F-F9B1C398CAE6}.Debug|Any CPU.Build.0 = Debug|Any CPU
		{FFD228B2-F5C3-4CA5-8F0F-F9B1C398CAE6}.Release|Any CPU.ActiveCfg = Release|Any CPU
		{FFD228B2-F5C3-4CA5-8F0F-F9B1C398CAE6}.Release|Any CPU.Build.0 = Release|Any CPU
		{1FCB5018-AFF8-4DF8-90CD-A873FCD135D5}.Debug|Any CPU.ActiveCfg = Debug|Any CPU
		{1FCB5018-AFF8-4DF8-90CD-A873FCD135D5}.Debug|Any CPU.Build.0 = Debug|Any CPU
		{1FCB5018-AFF8-4DF8-90CD-A873FCD135D5}.Release|Any CPU.ActiveCfg = Release|Any CPU
		{1FCB5018-AFF8-4DF8-90CD-A873FCD135D5}.Release|Any CPU.Build.0 = Release|Any CPU
	EndGlobalSection
EndGlobal
