
Microsoft Visual Studio Solution File, Format Version 12.00
# Visual Studio 15
Project("{FAE04EC0-301F-11D3-BF4B-00C04F79EFBC}") = "001_if", "Conditions\001_if.csproj", "{A2FE2C55-B2DC-4642-9ED8-5534BF38FC32}"
EndProject
Project("{FAE04EC0-301F-11D3-BF4B-00C04F79EFBC}") = "002_if-else", "002_if-else\002_if-else.csproj", "{92D61329-6C12-49F7-A92E-6CDA544D6C05}"
EndProject
Project("{FAE04EC0-301F-11D3-BF4B-00C04F79EFBC}") = "003_if-else", "003_if-else\003_if-else.csproj", "{06856365-D152-4CB9-A406-5BAF184DDA24}"
EndProject
Project("{FAE04EC0-301F-11D3-BF4B-00C04F79EFBC}") = "004_if-else", "004_if-else\004_if-else.csproj", "{D193AD62-A817-45F9-A5A1-BAA2BFBF09B9}"
EndProject
Project("{FAE04EC0-301F-11D3-BF4B-00C04F79EFBC}") = "005_Authentification", "005_Authentification\005_Authentification.csproj", "{E1AD601E-3960-4580-BF9C-E40D7012479A}"
EndProject
Project("{FAE04EC0-301F-11D3-BF4B-00C04F79EFBC}") = "006_ternary", "006_ternary\006_ternary.csproj", "{6523DEB3-BCA1-4C9D-8C2B-458DE7C4BC29}"
EndProject
Project("{FAE04EC0-301F-11D3-BF4B-00C04F79EFBC}") = "007_ternary", "007_ternary\007_ternary.csproj", "{F75BB24E-6F7F-497D-96C1-381B6BB57345}"
EndProject
Project("{FAE04EC0-301F-11D3-BF4B-00C04F79EFBC}") = "008_ternary", "008_ternary\008_ternary.csproj", "{641A165D-7B9B-4E56-B04E-2B5697C4AF81}"
EndProject
Project("{FAE04EC0-301F-11D3-BF4B-00C04F79EFBC}") = "009_ternary", "009_ternary\009_ternary.csproj", "{85F262B9-69D5-44F3-9A83-13C1E0AC3794}"
EndProject
Project("{FAE04EC0-301F-11D3-BF4B-00C04F79EFBC}") = "010_tyernary", "010_tyernary\010_tyernary.csproj", "{C16C0497-3D60-4E50-BA2E-1D7A81932645}"
EndProject
Project("{FAE04EC0-301F-11D3-BF4B-00C04F79EFBC}") = "011_ternary", "011_ternary\011_ternary.csproj", "{45B31F87-B84C-46A9-B58C-885AEF4AB6EA}"
EndProject
Project("{FAE04EC0-301F-11D3-BF4B-00C04F79EFBC}") = "012_switch", "012_switch\012_switch.csproj", "{EB3F13A3-2031-48C3-9328-807334A78D54}"
EndProject
Project("{FAE04EC0-301F-11D3-BF4B-00C04F79EFBC}") = "013_switch", "013_switch\013_switch.csproj", "{3E7A68EF-F7AF-4C7A-B575-8C62828DB817}"
EndProject
Project("{FAE04EC0-301F-11D3-BF4B-00C04F79EFBC}") = "014_-switch", "014_-switch\014_-switch.csproj", "{3891D8F0-D238-42A8-B845-5CAB48AE194C}"
EndProject
Project("{FAE04EC0-301F-11D3-BF4B-00C04F79EFBC}") = "015_CoffeMaker", "015_CoffeMaker\015_CoffeMaker.csproj", "{003F0DAC-34F3-4367-92C5-03CF375DC748}"
EndProject
Project("{FAE04EC0-301F-11D3-BF4B-00C04F79EFBC}") = "ConditionSelfWork_001", "ConditionSelfWork\ConditionSelfWork_001.csproj", "{D6E21AF6-FE60-4A73-98C2-9C7E492374C6}"
EndProject
Project("{FAE04EC0-301F-11D3-BF4B-00C04F79EFBC}") = "ConditionSelfWork_002", "ConditionSelfWork_002\ConditionSelfWork_002.csproj", "{CD694F4C-78D5-4645-B948-852C8F6CE1F5}"
EndProject
Project("{FAE04EC0-301F-11D3-BF4B-00C04F79EFBC}") = "ConditionSelfWork_003", "ConditionSelfWork_003\ConditionSelfWork_003.csproj", "{C6EF00C4-82D3-4E03-B495-F7EA4277C19E}"
EndProject
Global
	GlobalSection(SolutionConfigurationPlatforms) = preSolution
		Debug|Any CPU = Debug|Any CPU
		Release|Any CPU = Release|Any CPU
	EndGlobalSection
	GlobalSection(ProjectConfigurationPlatforms) = postSolution
		{A2FE2C55-B2DC-4642-9ED8-5534BF38FC32}.Debug|Any CPU.ActiveCfg = Debug|Any CPU
		{A2FE2C55-B2DC-4642-9ED8-5534BF38FC32}.Debug|Any CPU.Build.0 = Debug|Any CPU
		{A2FE2C55-B2DC-4642-9ED8-5534BF38FC32}.Release|Any CPU.ActiveCfg = Release|Any CPU
		{A2FE2C55-B2DC-4642-9ED8-5534BF38FC32}.Release|Any CPU.Build.0 = Release|Any CPU
		{92D61329-6C12-49F7-A92E-6CDA544D6C05}.Debug|Any CPU.ActiveCfg = Debug|Any CPU
		{92D61329-6C12-49F7-A92E-6CDA544D6C05}.Debug|Any CPU.Build.0 = Debug|Any CPU
		{92D61329-6C12-49F7-A92E-6CDA544D6C05}.Release|Any CPU.ActiveCfg = Release|Any CPU
		{92D61329-6C12-49F7-A92E-6CDA544D6C05}.Release|Any CPU.Build.0 = Release|Any CPU
		{06856365-D152-4CB9-A406-5BAF184DDA24}.Debug|Any CPU.ActiveCfg = Debug|Any CPU
		{06856365-D152-4CB9-A406-5BAF184DDA24}.Debug|Any CPU.Build.0 = Debug|Any CPU
		{06856365-D152-4CB9-A406-5BAF184DDA24}.Release|Any CPU.ActiveCfg = Release|Any CPU
		{06856365-D152-4CB9-A406-5BAF184DDA24}.Release|Any CPU.Build.0 = Release|Any CPU
		{D193AD62-A817-45F9-A5A1-BAA2BFBF09B9}.Debug|Any CPU.ActiveCfg = Debug|Any CPU
		{D193AD62-A817-45F9-A5A1-BAA2BFBF09B9}.Debug|Any CPU.Build.0 = Debug|Any CPU
		{D193AD62-A817-45F9-A5A1-BAA2BFBF09B9}.Release|Any CPU.ActiveCfg = Release|Any CPU
		{D193AD62-A817-45F9-A5A1-BAA2BFBF09B9}.Release|Any CPU.Build.0 = Release|Any CPU
		{E1AD601E-3960-4580-BF9C-E40D7012479A}.Debug|Any CPU.ActiveCfg = Debug|Any CPU
		{E1AD601E-3960-4580-BF9C-E40D7012479A}.Debug|Any CPU.Build.0 = Debug|Any CPU
		{E1AD601E-3960-4580-BF9C-E40D7012479A}.Release|Any CPU.ActiveCfg = Release|Any CPU
		{E1AD601E-3960-4580-BF9C-E40D7012479A}.Release|Any CPU.Build.0 = Release|Any CPU
		{6523DEB3-BCA1-4C9D-8C2B-458DE7C4BC29}.Debug|Any CPU.ActiveCfg = Debug|Any CPU
		{6523DEB3-BCA1-4C9D-8C2B-458DE7C4BC29}.Debug|Any CPU.Build.0 = Debug|Any CPU
		{6523DEB3-BCA1-4C9D-8C2B-458DE7C4BC29}.Release|Any CPU.ActiveCfg = Release|Any CPU
		{6523DEB3-BCA1-4C9D-8C2B-458DE7C4BC29}.Release|Any CPU.Build.0 = Release|Any CPU
		{F75BB24E-6F7F-497D-96C1-381B6BB57345}.Debug|Any CPU.ActiveCfg = Debug|Any CPU
		{F75BB24E-6F7F-497D-96C1-381B6BB57345}.Debug|Any CPU.Build.0 = Debug|Any CPU
		{F75BB24E-6F7F-497D-96C1-381B6BB57345}.Release|Any CPU.ActiveCfg = Release|Any CPU
		{F75BB24E-6F7F-497D-96C1-381B6BB57345}.Release|Any CPU.Build.0 = Release|Any CPU
		{641A165D-7B9B-4E56-B04E-2B5697C4AF81}.Debug|Any CPU.ActiveCfg = Debug|Any CPU
		{641A165D-7B9B-4E56-B04E-2B5697C4AF81}.Debug|Any CPU.Build.0 = Debug|Any CPU
		{641A165D-7B9B-4E56-B04E-2B5697C4AF81}.Release|Any CPU.ActiveCfg = Release|Any CPU
		{641A165D-7B9B-4E56-B04E-2B5697C4AF81}.Release|Any CPU.Build.0 = Release|Any CPU
		{85F262B9-69D5-44F3-9A83-13C1E0AC3794}.Debug|Any CPU.ActiveCfg = Debug|Any CPU
		{85F262B9-69D5-44F3-9A83-13C1E0AC3794}.Debug|Any CPU.Build.0 = Debug|Any CPU
		{85F262B9-69D5-44F3-9A83-13C1E0AC3794}.Release|Any CPU.ActiveCfg = Release|Any CPU
		{85F262B9-69D5-44F3-9A83-13C1E0AC3794}.Release|Any CPU.Build.0 = Release|Any CPU
		{C16C0497-3D60-4E50-BA2E-1D7A81932645}.Debug|Any CPU.ActiveCfg = Debug|Any CPU
		{C16C0497-3D60-4E50-BA2E-1D7A81932645}.Debug|Any CPU.Build.0 = Debug|Any CPU
		{C16C0497-3D60-4E50-BA2E-1D7A81932645}.Release|Any CPU.ActiveCfg = Release|Any CPU
		{C16C0497-3D60-4E50-BA2E-1D7A81932645}.Release|Any CPU.Build.0 = Release|Any CPU
		{45B31F87-B84C-46A9-B58C-885AEF4AB6EA}.Debug|Any CPU.ActiveCfg = Debug|Any CPU
		{45B31F87-B84C-46A9-B58C-885AEF4AB6EA}.Debug|Any CPU.Build.0 = Debug|Any CPU
		{45B31F87-B84C-46A9-B58C-885AEF4AB6EA}.Release|Any CPU.ActiveCfg = Release|Any CPU
		{45B31F87-B84C-46A9-B58C-885AEF4AB6EA}.Release|Any CPU.Build.0 = Release|Any CPU
		{EB3F13A3-2031-48C3-9328-807334A78D54}.Debug|Any CPU.ActiveCfg = Debug|Any CPU
		{EB3F13A3-2031-48C3-9328-807334A78D54}.Debug|Any CPU.Build.0 = Debug|Any CPU
		{EB3F13A3-2031-48C3-9328-807334A78D54}.Release|Any CPU.ActiveCfg = Release|Any CPU
		{EB3F13A3-2031-48C3-9328-807334A78D54}.Release|Any CPU.Build.0 = Release|Any CPU
		{3E7A68EF-F7AF-4C7A-B575-8C62828DB817}.Debug|Any CPU.ActiveCfg = Debug|Any CPU
		{3E7A68EF-F7AF-4C7A-B575-8C62828DB817}.Debug|Any CPU.Build.0 = Debug|Any CPU
		{3E7A68EF-F7AF-4C7A-B575-8C62828DB817}.Release|Any CPU.ActiveCfg = Release|Any CPU
		{3E7A68EF-F7AF-4C7A-B575-8C62828DB817}.Release|Any CPU.Build.0 = Release|Any CPU
		{3891D8F0-D238-42A8-B845-5CAB48AE194C}.Debug|Any CPU.ActiveCfg = Debug|Any CPU
		{3891D8F0-D238-42A8-B845-5CAB48AE194C}.Debug|Any CPU.Build.0 = Debug|Any CPU
		{3891D8F0-D238-42A8-B845-5CAB48AE194C}.Release|Any CPU.ActiveCfg = Release|Any CPU
		{3891D8F0-D238-42A8-B845-5CAB48AE194C}.Release|Any CPU.Build.0 = Release|Any CPU
		{003F0DAC-34F3-4367-92C5-03CF375DC748}.Debug|Any CPU.ActiveCfg = Debug|Any CPU
		{003F0DAC-34F3-4367-92C5-03CF375DC748}.Debug|Any CPU.Build.0 = Debug|Any CPU
		{003F0DAC-34F3-4367-92C5-03CF375DC748}.Release|Any CPU.ActiveCfg = Release|Any CPU
		{003F0DAC-34F3-4367-92C5-03CF375DC748}.Release|Any CPU.Build.0 = Release|Any CPU
		{D6E21AF6-FE60-4A73-98C2-9C7E492374C6}.Debug|Any CPU.ActiveCfg = Debug|Any CPU
		{D6E21AF6-FE60-4A73-98C2-9C7E492374C6}.Debug|Any CPU.Build.0 = Debug|Any CPU
		{D6E21AF6-FE60-4A73-98C2-9C7E492374C6}.Release|Any CPU.ActiveCfg = Release|Any CPU
		{D6E21AF6-FE60-4A73-98C2-9C7E492374C6}.Release|Any CPU.Build.0 = Release|Any CPU
		{CD694F4C-78D5-4645-B948-852C8F6CE1F5}.Debug|Any CPU.ActiveCfg = Debug|Any CPU
		{CD694F4C-78D5-4645-B948-852C8F6CE1F5}.Debug|Any CPU.Build.0 = Debug|Any CPU
		{CD694F4C-78D5-4645-B948-852C8F6CE1F5}.Release|Any CPU.ActiveCfg = Release|Any CPU
		{CD694F4C-78D5-4645-B948-852C8F6CE1F5}.Release|Any CPU.Build.0 = Release|Any CPU
		{C6EF00C4-82D3-4E03-B495-F7EA4277C19E}.Debug|Any CPU.ActiveCfg = Debug|Any CPU
		{C6EF00C4-82D3-4E03-B495-F7EA4277C19E}.Debug|Any CPU.Build.0 = Debug|Any CPU
		{C6EF00C4-82D3-4E03-B495-F7EA4277C19E}.Release|Any CPU.ActiveCfg = Release|Any CPU
		{C6EF00C4-82D3-4E03-B495-F7EA4277C19E}.Release|Any CPU.Build.0 = Release|Any CPU
	EndGlobalSection
EndGlobal
